
Microsoft Visual Studio Solution File, Format Version 12.00
# Visual Studio Version 17
VisualStudioVersion = 17.9.34723.18
MinimumVisualStudioVersion = 10.0.40219.1
Project("{FAE04EC0-301F-11D3-BF4B-00C04F79EFBC}") = "MethodParam2", "MethodParam2\MethodParam2.csproj", "{C1DAF424-D7A8-4522-81F4-41FC755F5416}"
EndProject
Global
	GlobalSection(SolutionConfigurationPlatforms) = preSolution
		Debug|Any CPU = Debug|Any CPU
		Release|Any CPU = Release|Any CPU
	EndGlobalSection
	GlobalSection(ProjectConfigurationPlatforms) = postSolution
		{C1DAF424-D7A8-4522-81F4-41FC755F5416}.Debug|Any CPU.ActiveCfg = Debug|Any CPU
		{C1DAF424-D7A8-4522-81F4-41FC755F5416}.Debug|Any CPU.Build.0 = Debug|Any CPU
		{C1DAF424-D7A8-4522-81F4-41FC755F5416}.Release|Any CPU.ActiveCfg = Release|Any CPU
		{C1DAF424-D7A8-4522-81F4-41FC755F5416}.Release|Any CPU.Build.0 = Release|Any CPU
	EndGlobalSection
	GlobalSection(SolutionProperties) = preSolution
		HideSolutionNode = FALSE
	EndGlobalSection
	GlobalSection(ExtensibilityGlobals) = postSolution
		SolutionGuid = {6CBBB5FC-C128-4C63-9D1B-478CD2C54464}
	EndGlobalSection
EndGlobal
