
Microsoft Visual Studio Solution File, Format Version 12.00
# Visual Studio Version 17
VisualStudioVersion = 17.9.34728.123
MinimumVisualStudioVersion = 10.0.40219.1
Project("{FAE04EC0-301F-11D3-BF4B-00C04F79EFBC}") = "CH9", "CH9\CH9.csproj", "{76E6E6EB-C94D-45A2-A642-169D22CEF91B}"
EndProject
Global
	GlobalSection(SolutionConfigurationPlatforms) = preSolution
		Debug|Any CPU = Debug|Any CPU
		Release|Any CPU = Release|Any CPU
	EndGlobalSection
	GlobalSection(ProjectConfigurationPlatforms) = postSolution
		{76E6E6EB-C94D-45A2-A642-169D22CEF91B}.Debug|Any CPU.ActiveCfg = Debug|Any CPU
		{76E6E6EB-C94D-45A2-A642-169D22CEF91B}.Debug|Any CPU.Build.0 = Debug|Any CPU
		{76E6E6EB-C94D-45A2-A642-169D22CEF91B}.Release|Any CPU.ActiveCfg = Release|Any CPU
		{76E6E6EB-C94D-45A2-A642-169D22CEF91B}.Release|Any CPU.Build.0 = Release|Any CPU
	EndGlobalSection
	GlobalSection(SolutionProperties) = preSolution
		HideSolutionNode = FALSE
	EndGlobalSection
	GlobalSection(ExtensibilityGlobals) = postSolution
		SolutionGuid = {6390EC34-6B42-45D1-B66B-2D719A7002BE}
	EndGlobalSection
EndGlobal
