
Microsoft Visual Studio Solution File, Format Version 12.00
# Visual Studio Version 17
VisualStudioVersion = 17.14.36408.4 d17.14
MinimumVisualStudioVersion = 10.0.40219.1
Project("{FAE04EC0-301F-11D3-BF4B-00C04F79EFBC}") = "CH3_Constructs_Part1", "ProCSharp10\CH3_Constructs_Part1.csproj", "{C2DF73F4-D523-4E61-B5E3-4312F145584A}"
EndProject
Global
	GlobalSection(SolutionConfigurationPlatforms) = preSolution
		Debug|Any CPU = Debug|Any CPU
		Release|Any CPU = Release|Any CPU
	EndGlobalSection
	GlobalSection(ProjectConfigurationPlatforms) = postSolution
		{C2DF73F4-D523-4E61-B5E3-4312F145584A}.Debug|Any CPU.ActiveCfg = Debug|Any CPU
		{C2DF73F4-D523-4E61-B5E3-4312F145584A}.Debug|Any CPU.Build.0 = Debug|Any CPU
		{C2DF73F4-D523-4E61-B5E3-4312F145584A}.Release|Any CPU.ActiveCfg = Release|Any CPU
		{C2DF73F4-D523-4E61-B5E3-4312F145584A}.Release|Any CPU.Build.0 = Release|Any CPU
	EndGlobalSection
	GlobalSection(SolutionProperties) = preSolution
		HideSolutionNode = FALSE
	EndGlobalSection
	GlobalSection(ExtensibilityGlobals) = postSolution
		SolutionGuid = {D79E4A0A-0DB8-4159-91FD-C6F284590B6E}
	EndGlobalSection
EndGlobal
