
Microsoft Visual Studio Solution File, Format Version 12.00
# Visual Studio Version 16
VisualStudioVersion = 16.0.36631.11
MinimumVisualStudioVersion = 10.0.40219.1
<<<<<<< HEAD
Project("{9A19103F-16F7-4668-BE54-9A1E7A4F7556}") = "01_Array", "01_Array\01_Array.csproj", "{A350D769-084B-4685-B24D-6EEEC9E4C5FF}"
EndProject
Project("{9A19103F-16F7-4668-BE54-9A1E7A4F7556}") = "02_index_range", "02_index_range\02_index_range.csproj", "{4011C5F9-441D-450A-8C4A-17300F874DFA}"
EndProject
Project("{2150E333-8FDC-42A3-9474-1A3956D46DE8}") = "Solution Items", "Solution Items", "{07E514B7-2A0F-40FD-A359-3CC53DEFDCF0}"
EndProject
Project("{9A19103F-16F7-4668-BE54-9A1E7A4F7556}") = "03_Static Local Functions", "03_Static Local Functions\03_Static Local Functions.csproj", "{C379118D-E56A-4B63-B896-5F43D36F1093}"
EndProject
Project("{9A19103F-16F7-4668-BE54-9A1E7A4F7556}") = "04_Parameter Modifiers", "04_Parameter Modifiers\04_Parameter Modifiers.csproj", "{D129C353-0500-4919-928A-84F7070DCA5A}"
EndProject
Project("{9A19103F-16F7-4668-BE54-9A1E7A4F7556}") = "05_Optional parameters", "05_Optional parameters\05_Optional parameters.csproj", "{C0027A28-F0AF-40CD-A9AB-42A0F69C05CF}"
EndProject
Project("{9A19103F-16F7-4668-BE54-9A1E7A4F7556}") = "06_Named Parameter", "06_Named Parameter\06_Named Parameter.csproj", "{EBF140E8-CA06-4F44-9C45-D678EEEFC980}"
EndProject
Project("{9A19103F-16F7-4668-BE54-9A1E7A4F7556}") = "07_function overloading", "07_function overloading\07_function overloading.csproj", "{CDAEE2EB-58CB-4C8A-BF1B-066F3A11263C}"
EndProject
Project("{9A19103F-16F7-4668-BE54-9A1E7A4F7556}") = "08_enum", "08_enum\08_enum.csproj", "{C5938D29-5588-4277-AC16-B494A085EADE}"
EndProject
Project("{FAE04EC0-301F-11D3-BF4B-00C04F79EFBC}") = "09Using Enums_Flags_and Bitwise Operations", "09Using Enums_Flags_and Bitwise Operations\09Using Enums_Flags_and Bitwise Operations.csproj", "{E03C8F30-16B0-4534-BC47-15568B1BDD4D}"
EndProject
Project("{FAE04EC0-301F-11D3-BF4B-00C04F79EFBC}") = "10Enum Flags", "10Enum Flags\10Enum Flags.csproj", "{BA545E1E-EA1F-43B8-AD30-0AFABE9FC408}"
=======
Project("{FAE04EC0-301F-11D3-BF4B-00C04F79EFBC}") = "01_Array", "01_Array\01_Array.csproj", "{A350D769-084B-4685-B24D-6EEEC9E4C5FF}"
EndProject
Project("{FAE04EC0-301F-11D3-BF4B-00C04F79EFBC}") = "02_index_range", "02_index_range\02_index_range.csproj", "{4011C5F9-441D-450A-8C4A-17300F874DFA}"
EndProject
Project("{2150E333-8FDC-42A3-9474-1A3956D46DE8}") = "Solution Items", "Solution Items", "{07E514B7-2A0F-40FD-A359-3CC53DEFDCF0}"
EndProject
Project("{FAE04EC0-301F-11D3-BF4B-00C04F79EFBC}") = "03_Static Local Functions", "03_Static Local Functions\03_Static Local Functions.csproj", "{C379118D-E56A-4B63-B896-5F43D36F1093}"
EndProject
Project("{FAE04EC0-301F-11D3-BF4B-00C04F79EFBC}") = "04_Parameter Modifiers", "04_Parameter Modifiers\04_Parameter Modifiers.csproj", "{D129C353-0500-4919-928A-84F7070DCA5A}"
EndProject
Project("{FAE04EC0-301F-11D3-BF4B-00C04F79EFBC}") = "05_Optional parameters", "05_Optional parameters\05_Optional parameters.csproj", "{C0027A28-F0AF-40CD-A9AB-42A0F69C05CF}"
EndProject
Project("{FAE04EC0-301F-11D3-BF4B-00C04F79EFBC}") = "06_Named Parameter", "06_Named Parameter\06_Named Parameter.csproj", "{EBF140E8-CA06-4F44-9C45-D678EEEFC980}"
EndProject
Project("{FAE04EC0-301F-11D3-BF4B-00C04F79EFBC}") = "07_function overloading", "07_function overloading\07_function overloading.csproj", "{CDAEE2EB-58CB-4C8A-BF1B-066F3A11263C}"
>>>>>>> 8d5109e7f4ef3226c879d8cc237a995adb1c4f4c
EndProject
Global
	GlobalSection(SolutionConfigurationPlatforms) = preSolution
		Debug|Any CPU = Debug|Any CPU
		Release|Any CPU = Release|Any CPU
	EndGlobalSection
	GlobalSection(ProjectConfigurationPlatforms) = postSolution
		{A350D769-084B-4685-B24D-6EEEC9E4C5FF}.Debug|Any CPU.ActiveCfg = Debug|Any CPU
		{A350D769-084B-4685-B24D-6EEEC9E4C5FF}.Debug|Any CPU.Build.0 = Debug|Any CPU
		{A350D769-084B-4685-B24D-6EEEC9E4C5FF}.Release|Any CPU.ActiveCfg = Release|Any CPU
		{A350D769-084B-4685-B24D-6EEEC9E4C5FF}.Release|Any CPU.Build.0 = Release|Any CPU
		{4011C5F9-441D-450A-8C4A-17300F874DFA}.Debug|Any CPU.ActiveCfg = Debug|Any CPU
		{4011C5F9-441D-450A-8C4A-17300F874DFA}.Debug|Any CPU.Build.0 = Debug|Any CPU
		{4011C5F9-441D-450A-8C4A-17300F874DFA}.Release|Any CPU.ActiveCfg = Release|Any CPU
		{4011C5F9-441D-450A-8C4A-17300F874DFA}.Release|Any CPU.Build.0 = Release|Any CPU
		{C379118D-E56A-4B63-B896-5F43D36F1093}.Debug|Any CPU.ActiveCfg = Debug|Any CPU
		{C379118D-E56A-4B63-B896-5F43D36F1093}.Debug|Any CPU.Build.0 = Debug|Any CPU
		{C379118D-E56A-4B63-B896-5F43D36F1093}.Release|Any CPU.ActiveCfg = Release|Any CPU
		{C379118D-E56A-4B63-B896-5F43D36F1093}.Release|Any CPU.Build.0 = Release|Any CPU
		{D129C353-0500-4919-928A-84F7070DCA5A}.Debug|Any CPU.ActiveCfg = Debug|Any CPU
		{D129C353-0500-4919-928A-84F7070DCA5A}.Debug|Any CPU.Build.0 = Debug|Any CPU
		{D129C353-0500-4919-928A-84F7070DCA5A}.Release|Any CPU.ActiveCfg = Release|Any CPU
		{D129C353-0500-4919-928A-84F7070DCA5A}.Release|Any CPU.Build.0 = Release|Any CPU
		{C0027A28-F0AF-40CD-A9AB-42A0F69C05CF}.Debug|Any CPU.ActiveCfg = Debug|Any CPU
		{C0027A28-F0AF-40CD-A9AB-42A0F69C05CF}.Debug|Any CPU.Build.0 = Debug|Any CPU
		{C0027A28-F0AF-40CD-A9AB-42A0F69C05CF}.Release|Any CPU.ActiveCfg = Release|Any CPU
		{C0027A28-F0AF-40CD-A9AB-42A0F69C05CF}.Release|Any CPU.Build.0 = Release|Any CPU
		{EBF140E8-CA06-4F44-9C45-D678EEEFC980}.Debug|Any CPU.ActiveCfg = Debug|Any CPU
		{EBF140E8-CA06-4F44-9C45-D678EEEFC980}.Debug|Any CPU.Build.0 = Debug|Any CPU
		{EBF140E8-CA06-4F44-9C45-D678EEEFC980}.Release|Any CPU.ActiveCfg = Release|Any CPU
		{EBF140E8-CA06-4F44-9C45-D678EEEFC980}.Release|Any CPU.Build.0 = Release|Any CPU
		{CDAEE2EB-58CB-4C8A-BF1B-066F3A11263C}.Debug|Any CPU.ActiveCfg = Debug|Any CPU
		{CDAEE2EB-58CB-4C8A-BF1B-066F3A11263C}.Debug|Any CPU.Build.0 = Debug|Any CPU
		{CDAEE2EB-58CB-4C8A-BF1B-066F3A11263C}.Release|Any CPU.ActiveCfg = Release|Any CPU
		{CDAEE2EB-58CB-4C8A-BF1B-066F3A11263C}.Release|Any CPU.Build.0 = Release|Any CPU
<<<<<<< HEAD
		{C5938D29-5588-4277-AC16-B494A085EADE}.Debug|Any CPU.ActiveCfg = Debug|Any CPU
		{C5938D29-5588-4277-AC16-B494A085EADE}.Debug|Any CPU.Build.0 = Debug|Any CPU
		{C5938D29-5588-4277-AC16-B494A085EADE}.Release|Any CPU.ActiveCfg = Release|Any CPU
		{C5938D29-5588-4277-AC16-B494A085EADE}.Release|Any CPU.Build.0 = Release|Any CPU
		{E03C8F30-16B0-4534-BC47-15568B1BDD4D}.Debug|Any CPU.ActiveCfg = Debug|Any CPU
		{E03C8F30-16B0-4534-BC47-15568B1BDD4D}.Debug|Any CPU.Build.0 = Debug|Any CPU
		{E03C8F30-16B0-4534-BC47-15568B1BDD4D}.Release|Any CPU.ActiveCfg = Release|Any CPU
		{E03C8F30-16B0-4534-BC47-15568B1BDD4D}.Release|Any CPU.Build.0 = Release|Any CPU
		{BA545E1E-EA1F-43B8-AD30-0AFABE9FC408}.Debug|Any CPU.ActiveCfg = Debug|Any CPU
		{BA545E1E-EA1F-43B8-AD30-0AFABE9FC408}.Debug|Any CPU.Build.0 = Debug|Any CPU
		{BA545E1E-EA1F-43B8-AD30-0AFABE9FC408}.Release|Any CPU.ActiveCfg = Release|Any CPU
		{BA545E1E-EA1F-43B8-AD30-0AFABE9FC408}.Release|Any CPU.Build.0 = Release|Any CPU
=======
>>>>>>> 8d5109e7f4ef3226c879d8cc237a995adb1c4f4c
	EndGlobalSection
	GlobalSection(SolutionProperties) = preSolution
		HideSolutionNode = FALSE
	EndGlobalSection
	GlobalSection(ExtensibilityGlobals) = postSolution
		SolutionGuid = {8546E897-AF1A-48A5-B226-EAF709509D45}
	EndGlobalSection
EndGlobal
