
Microsoft Visual Studio Solution File, Format Version 12.00
# Visual Studio Version 17
VisualStudioVersion = 17.9.34728.123
MinimumVisualStudioVersion = 10.0.40219.1
Project("{9A19103F-16F7-4668-BE54-9A1E7A4F7556}") = "CH14", "CH14\CH14.csproj", "{3EA4076A-E29B-4305-B61E-D1D2A51DEE15}"
EndProject
Global
	GlobalSection(SolutionConfigurationPlatforms) = preSolution
		Debug|Any CPU = Debug|Any CPU
		Release|Any CPU = Release|Any CPU
	EndGlobalSection
	GlobalSection(ProjectConfigurationPlatforms) = postSolution
		{3EA4076A-E29B-4305-B61E-D1D2A51DEE15}.Debug|Any CPU.ActiveCfg = Debug|Any CPU
		{3EA4076A-E29B-4305-B61E-D1D2A51DEE15}.Debug|Any CPU.Build.0 = Debug|Any CPU
		{3EA4076A-E29B-4305-B61E-D1D2A51DEE15}.Release|Any CPU.ActiveCfg = Release|Any CPU
		{3EA4076A-E29B-4305-B61E-D1D2A51DEE15}.Release|Any CPU.Build.0 = Release|Any CPU
	EndGlobalSection
	GlobalSection(SolutionProperties) = preSolution
		HideSolutionNode = FALSE
	EndGlobalSection
	GlobalSection(ExtensibilityGlobals) = postSolution
		SolutionGuid = {421FE559-3A37-4D77-9991-82E963FDD80E}
	EndGlobalSection
EndGlobal
