
Microsoft Visual Studio Solution File, Format Version 12.00
# Visual Studio Version 17
VisualStudioVersion = 17.9.34728.123
MinimumVisualStudioVersion = 10.0.40219.1
Project("{FAE04EC0-301F-11D3-BF4B-00C04F79EFBC}") = "CH5", "CH5\CH5.csproj", "{D95E5206-AA61-495E-A60E-69D39724F579}"
EndProject
Global
	GlobalSection(SolutionConfigurationPlatforms) = preSolution
		Debug|Any CPU = Debug|Any CPU
		Release|Any CPU = Release|Any CPU
	EndGlobalSection
	GlobalSection(ProjectConfigurationPlatforms) = postSolution
		{D95E5206-AA61-495E-A60E-69D39724F579}.Debug|Any CPU.ActiveCfg = Debug|Any CPU
		{D95E5206-AA61-495E-A60E-69D39724F579}.Debug|Any CPU.Build.0 = Debug|Any CPU
		{D95E5206-AA61-495E-A60E-69D39724F579}.Release|Any CPU.ActiveCfg = Release|Any CPU
		{D95E5206-AA61-495E-A60E-69D39724F579}.Release|Any CPU.Build.0 = Release|Any CPU
	EndGlobalSection
	GlobalSection(SolutionProperties) = preSolution
		HideSolutionNode = FALSE
	EndGlobalSection
	GlobalSection(ExtensibilityGlobals) = postSolution
		SolutionGuid = {7A2BCE12-C1A8-48F8-AF68-C16A0141F5D3}
	EndGlobalSection
EndGlobal
