
Microsoft Visual Studio Solution File, Format Version 12.00
# Visual Studio Version 17
VisualStudioVersion = 17.9.34728.123
MinimumVisualStudioVersion = 10.0.40219.1
Project("{FAE04EC0-301F-11D3-BF4B-00C04F79EFBC}") = "CH13", "CH13\CH13.csproj", "{471A2162-F5FF-4B94-B986-CE5E91B4598F}"
EndProject
Global
	GlobalSection(SolutionConfigurationPlatforms) = preSolution
		Debug|Any CPU = Debug|Any CPU
		Release|Any CPU = Release|Any CPU
	EndGlobalSection
	GlobalSection(ProjectConfigurationPlatforms) = postSolution
		{471A2162-F5FF-4B94-B986-CE5E91B4598F}.Debug|Any CPU.ActiveCfg = Debug|Any CPU
		{471A2162-F5FF-4B94-B986-CE5E91B4598F}.Debug|Any CPU.Build.0 = Debug|Any CPU
		{471A2162-F5FF-4B94-B986-CE5E91B4598F}.Release|Any CPU.ActiveCfg = Release|Any CPU
		{471A2162-F5FF-4B94-B986-CE5E91B4598F}.Release|Any CPU.Build.0 = Release|Any CPU
	EndGlobalSection
	GlobalSection(SolutionProperties) = preSolution
		HideSolutionNode = FALSE
	EndGlobalSection
	GlobalSection(ExtensibilityGlobals) = postSolution
		SolutionGuid = {CFF78E63-9136-43AA-8B40-D069455FAD9E}
	EndGlobalSection
EndGlobal
