<Solution>
  <Project Path="AnonymousTypes/AnonymousTypes.csproj" Id="c04f3dcb-42c4-4b7b-8b92-6fbe46c0f6cd" />
  <Project Path="CustomConversions/CustomConversions.csproj" Id="b7cfbb5e-4f8d-4538-8556-9034dac1d841" />
  <Project Path="Custom_Type_Conversions/Custom_Type_Conversions.csproj" />
  <Project Path="Indexer/IndexerDemo.csproj" />
  <Project Path="MyExtensions/MyExtensions.csproj" Id="00eefb5c-bc33-4fe5-9d3f-91f1cc60bb70" />
  <Project Path="MyExtensions_ExtensionMethod/MyExtensions_ExtensionMethod.csproj" Id="0048a4dc-347c-4a22-b8ce-1b36489a3208" />
  <Project Path="OverloadedOps/OverloadedOps.csproj" />
  <Project Path="Unsafe-stackalloc_fixed/Unsafe-stackalloc_fixed.csproj" Id="654ba7cf-8a17-4de9-a560-014115af497a" />
  <Project Path="UnSafeCode/UnSafeCode.csproj" Id="0b8ebb67-62b9-4760-a902-8e1b4ca87790" />
</Solution>
