<Solution>
  <Project Path="01Threading/01Threading.csproj" />
  <Project Path="02ThreadStart/02ThreadStart.csproj" Id="0fdfbe26-c495-46a5-a5e3-d1ba2bce77e1" />
  <Project Path="03ParameterizedThreadStart/03ParameterizedThreadStart.csproj" Id="ff23e970-3847-4547-bd42-608680b1d396" />
  <Project Path="04BackgroundForeground/04BackgroundForeground.csproj" Id="d60b51be-2bad-422a-9752-99f1827a0029" />
  <Project Path="05IssueOfConcurrency/05IssueOfConcurrency.csproj" />
  <Project Path="06Lock/06Lock.csproj" Id="87988883-36de-4db8-a86e-39164fba76ea" />
  <Project Path="07Interlocked/07Interlocked.csproj" Id="1f809860-291d-4a30-b617-b912bae7acf2" />
  <Project Path="08TimerCallbackks/08TimerCallbackks.csproj" Id="ce6fc399-769f-4e3d-9176-d6fa244f9cba" />
  <Project Path="09ParallelFor/09ParallelFor.csproj" Id="29094a03-8115-460e-96b9-7a51c162fdbe" />
  <Project Path="10PLINQ/10PLINQ.csproj" Id="e8d698a7-8968-4bc5-8302-51f40aaf08a7" />
  <Project Path="11async_await/11async_await.csproj" Id="9d85235b-547c-4397-bebc-08d58786eea5" />
  <Project Path="DataParallelismWithForEach/DataParallelismWithForEach.csproj" />
</Solution>
