
Microsoft Visual Studio Solution File, Format Version 12.00
# Visual Studio Version 17
VisualStudioVersion = 17.9.34728.123
MinimumVisualStudioVersion = 10.0.40219.1
Project("{FAE04EC0-301F-11D3-BF4B-00C04F79EFBC}") = "CH11", "CH11\CH11.csproj", "{354B780C-3CFD-4E5D-B6BB-4279332534E3}"
EndProject
Global
	GlobalSection(SolutionConfigurationPlatforms) = preSolution
		Debug|Any CPU = Debug|Any CPU
		Release|Any CPU = Release|Any CPU
	EndGlobalSection
	GlobalSection(ProjectConfigurationPlatforms) = postSolution
		{354B780C-3CFD-4E5D-B6BB-4279332534E3}.Debug|Any CPU.ActiveCfg = Debug|Any CPU
		{354B780C-3CFD-4E5D-B6BB-4279332534E3}.Debug|Any CPU.Build.0 = Debug|Any CPU
		{354B780C-3CFD-4E5D-B6BB-4279332534E3}.Release|Any CPU.ActiveCfg = Release|Any CPU
		{354B780C-3CFD-4E5D-B6BB-4279332534E3}.Release|Any CPU.Build.0 = Release|Any CPU
	EndGlobalSection
	GlobalSection(SolutionProperties) = preSolution
		HideSolutionNode = FALSE
	EndGlobalSection
	GlobalSection(ExtensibilityGlobals) = postSolution
		SolutionGuid = {C7A973B5-C095-4DFD-BF14-579B610D5577}
	EndGlobalSection
EndGlobal
