
Microsoft Visual Studio Solution File, Format Version 12.00
# Visual Studio Version 17
VisualStudioVersion = 17.9.34723.18
MinimumVisualStudioVersion = 10.0.40219.1
Project("{FAE04EC0-301F-11D3-BF4B-00C04F79EFBC}") = "DelegateExample", "day16\DelegateExample.csproj", "{B2E7D6C1-D659-4B6D-9233-CE4C2A195112}"
EndProject
Global
	GlobalSection(SolutionConfigurationPlatforms) = preSolution
		Debug|Any CPU = Debug|Any CPU
		Release|Any CPU = Release|Any CPU
	EndGlobalSection
	GlobalSection(ProjectConfigurationPlatforms) = postSolution
		{B2E7D6C1-D659-4B6D-9233-CE4C2A195112}.Debug|Any CPU.ActiveCfg = Debug|Any CPU
		{B2E7D6C1-D659-4B6D-9233-CE4C2A195112}.Debug|Any CPU.Build.0 = Debug|Any CPU
		{B2E7D6C1-D659-4B6D-9233-CE4C2A195112}.Release|Any CPU.ActiveCfg = Release|Any CPU
		{B2E7D6C1-D659-4B6D-9233-CE4C2A195112}.Release|Any CPU.Build.0 = Release|Any CPU
	EndGlobalSection
	GlobalSection(SolutionProperties) = preSolution
		HideSolutionNode = FALSE
	EndGlobalSection
	GlobalSection(ExtensibilityGlobals) = postSolution
		SolutionGuid = {67A05B1A-A91D-4517-B751-FB913A9D6308}
	EndGlobalSection
EndGlobal
