
Microsoft Visual Studio Solution File, Format Version 12.00
# Visual Studio Version 17
VisualStudioVersion = 17.9.34728.123
MinimumVisualStudioVersion = 10.0.40219.1
Project("{9A19103F-16F7-4668-BE54-9A1E7A4F7556}") = "CH8", "CH8\CH8.csproj", "{A523E2FC-17FB-4A22-BEC4-AA83CF33B244}"
EndProject
Project("{FAE04EC0-301F-11D3-BF4B-00C04F79EFBC}") = "BaseClass", "BaseClass\BaseClass.csproj", "{15E00449-5D32-4B70-8DBF-A23DA362B09B}"
EndProject
Project("{FAE04EC0-301F-11D3-BF4B-00C04F79EFBC}") = "UserBaseClass", "UserBaseClass\UserBaseClass.csproj", "{4983FF0D-5710-46DA-8CF6-74DCA74AE90E}"
EndProject
Global
	GlobalSection(SolutionConfigurationPlatforms) = preSolution
		Debug|Any CPU = Debug|Any CPU
		Release|Any CPU = Release|Any CPU
	EndGlobalSection
	GlobalSection(ProjectConfigurationPlatforms) = postSolution
		{A523E2FC-17FB-4A22-BEC4-AA83CF33B244}.Debug|Any CPU.ActiveCfg = Debug|Any CPU
		{A523E2FC-17FB-4A22-BEC4-AA83CF33B244}.Debug|Any CPU.Build.0 = Debug|Any CPU
		{A523E2FC-17FB-4A22-BEC4-AA83CF33B244}.Release|Any CPU.ActiveCfg = Release|Any CPU
		{A523E2FC-17FB-4A22-BEC4-AA83CF33B244}.Release|Any CPU.Build.0 = Release|Any CPU
		{15E00449-5D32-4B70-8DBF-A23DA362B09B}.Debug|Any CPU.ActiveCfg = Debug|Any CPU
		{15E00449-5D32-4B70-8DBF-A23DA362B09B}.Debug|Any CPU.Build.0 = Debug|Any CPU
		{15E00449-5D32-4B70-8DBF-A23DA362B09B}.Release|Any CPU.ActiveCfg = Release|Any CPU
		{15E00449-5D32-4B70-8DBF-A23DA362B09B}.Release|Any CPU.Build.0 = Release|Any CPU
		{4983FF0D-5710-46DA-8CF6-74DCA74AE90E}.Debug|Any CPU.ActiveCfg = Debug|Any CPU
		{4983FF0D-5710-46DA-8CF6-74DCA74AE90E}.Debug|Any CPU.Build.0 = Debug|Any CPU
		{4983FF0D-5710-46DA-8CF6-74DCA74AE90E}.Release|Any CPU.ActiveCfg = Release|Any CPU
		{4983FF0D-5710-46DA-8CF6-74DCA74AE90E}.Release|Any CPU.Build.0 = Release|Any CPU
	EndGlobalSection
	GlobalSection(SolutionProperties) = preSolution
		HideSolutionNode = FALSE
	EndGlobalSection
	GlobalSection(ExtensibilityGlobals) = postSolution
		SolutionGuid = {99C536EF-CB9A-4278-AEDA-B92EE2324CA8}
	EndGlobalSection
EndGlobal
