
Microsoft Visual Studio Solution File, Format Version 12.00
# Visual Studio Version 17
VisualStudioVersion = 17.9.34728.123
MinimumVisualStudioVersion = 10.0.40219.1
Project("{FAE04EC0-301F-11D3-BF4B-00C04F79EFBC}") = "CH20", "CH20\CH20.csproj", "{DC6B63A1-0C4E-465D-8BFF-87FF9E0719CD}"
EndProject
Global
	GlobalSection(SolutionConfigurationPlatforms) = preSolution
		Debug|Any CPU = Debug|Any CPU
		Release|Any CPU = Release|Any CPU
	EndGlobalSection
	GlobalSection(ProjectConfigurationPlatforms) = postSolution
		{DC6B63A1-0C4E-465D-8BFF-87FF9E0719CD}.Debug|Any CPU.ActiveCfg = Debug|Any CPU
		{DC6B63A1-0C4E-465D-8BFF-87FF9E0719CD}.Debug|Any CPU.Build.0 = Debug|Any CPU
		{DC6B63A1-0C4E-465D-8BFF-87FF9E0719CD}.Release|Any CPU.ActiveCfg = Release|Any CPU
		{DC6B63A1-0C4E-465D-8BFF-87FF9E0719CD}.Release|Any CPU.Build.0 = Release|Any CPU
	EndGlobalSection
	GlobalSection(SolutionProperties) = preSolution
		HideSolutionNode = FALSE
	EndGlobalSection
	GlobalSection(ExtensibilityGlobals) = postSolution
		SolutionGuid = {73784F8C-1507-4774-97B7-AAAD7F518F9E}
	EndGlobalSection
EndGlobal
