
Microsoft Visual Studio Solution File, Format Version 12.00
# Visual Studio Version 17
VisualStudioVersion = 17.9.34728.123
MinimumVisualStudioVersion = 10.0.40219.1
Project("{FAE04EC0-301F-11D3-BF4B-00C04F79EFBC}") = "CH15", "CH15\CH15.csproj", "{DC20CF2D-F09A-443C-B298-8DC52F2D33EA}"
EndProject
Global
	GlobalSection(SolutionConfigurationPlatforms) = preSolution
		Debug|Any CPU = Debug|Any CPU
		Release|Any CPU = Release|Any CPU
	EndGlobalSection
	GlobalSection(ProjectConfigurationPlatforms) = postSolution
		{DC20CF2D-F09A-443C-B298-8DC52F2D33EA}.Debug|Any CPU.ActiveCfg = Debug|Any CPU
		{DC20CF2D-F09A-443C-B298-8DC52F2D33EA}.Debug|Any CPU.Build.0 = Debug|Any CPU
		{DC20CF2D-F09A-443C-B298-8DC52F2D33EA}.Release|Any CPU.ActiveCfg = Release|Any CPU
		{DC20CF2D-F09A-443C-B298-8DC52F2D33EA}.Release|Any CPU.Build.0 = Release|Any CPU
	EndGlobalSection
	GlobalSection(SolutionProperties) = preSolution
		HideSolutionNode = FALSE
	EndGlobalSection
	GlobalSection(ExtensibilityGlobals) = postSolution
		SolutionGuid = {6DC33F23-5247-4005-B23A-BC36395A88AE}
	EndGlobalSection
EndGlobal
